
Microsoft Visual Studio Solution File, Format Version 12.00
# Visual Studio 14
VisualStudioVersion = 14.0.25420.1
MinimumVisualStudioVersion = 10.0.40219.1
Project("{FAE04EC0-301F-11D3-BF4B-00C04F79EFBC}") = "pr3", "pr3\pr3.csproj", "{B63609AF-7E9B-47FA-9A2B-E9B344F49C0B}"
EndProject
Project("{FAE04EC0-301F-11D3-BF4B-00C04F79EFBC}") = "ConsoleApplication111111", "ConsoleApplication111111\ConsoleApplication111111.csproj", "{650B2775-1368-452D-821C-E1649651513D}"
EndProject
Global
	GlobalSection(SolutionConfigurationPlatforms) = preSolution
		Debug|Any CPU = Debug|Any CPU
		Release|Any CPU = Release|Any CPU
	EndGlobalSection
	GlobalSection(ProjectConfigurationPlatforms) = postSolution
		{B63609AF-7E9B-47FA-9A2B-E9B344F49C0B}.Debug|Any CPU.ActiveCfg = Debug|Any CPU
		{B63609AF-7E9B-47FA-9A2B-E9B344F49C0B}.Debug|Any CPU.Build.0 = Debug|Any CPU
		{B63609AF-7E9B-47FA-9A2B-E9B344F49C0B}.Release|Any CPU.ActiveCfg = Release|Any CPU
		{B63609AF-7E9B-47FA-9A2B-E9B344F49C0B}.Release|Any CPU.Build.0 = Release|Any CPU
		{650B2775-1368-452D-821C-E1649651513D}.Debug|Any CPU.ActiveCfg = Debug|Any CPU
		{650B2775-1368-452D-821C-E1649651513D}.Debug|Any CPU.Build.0 = Debug|Any CPU
		{650B2775-1368-452D-821C-E1649651513D}.Release|Any CPU.ActiveCfg = Release|Any CPU
		{650B2775-1368-452D-821C-E1649651513D}.Release|Any CPU.Build.0 = Release|Any CPU
	EndGlobalSection
	GlobalSection(SolutionProperties) = preSolution
		HideSolutionNode = FALSE
	EndGlobalSection
EndGlobal
